<Solution xmlns:xsi="http://www.w3.org/2001/XMLSchema-instance" xsi:noNamespaceSchemaLocation="https://github.com/microsoft/vs-solutionpersistence/raw/refs/heads/main/src/Microsoft.VisualStudio.SolutionPersistence/Serializer/Xml/Slnx.xsd">
  <Configurations>
    <Platform Name="Any CPU" />
    <Platform Name="x64" />
    <Platform Name="x86" />
  </Configurations>
  <Project Path="KaI.Brain/KaI.Brain.csproj" />
  <Project Path="KaI.Server/KaI.Server.csproj" />
</Solution>
